
Microsoft Visual Studio Solution File, Format Version 12.00
# Visual Studio Version 16
VisualStudioVersion = 16.0.30204.135
MinimumVisualStudioVersion = 10.0.40219.1
Project("{8BC9CEB8-8B4A-11D0-8D11-00A0C91BC942}") = "Timber", "Timber.vcxproj", "{C8CF023D-7C7D-4DC6-9545-339CD784B4E3}"
EndProject
Global
	GlobalSection(SolutionConfigurationPlatforms) = preSolution
		Debug|x64 = Debug|x64
		Debug|x86 = Debug|x86
		Release|x64 = Release|x64
		Release|x86 = Release|x86
	EndGlobalSection
	GlobalSection(ProjectConfigurationPlatforms) = postSolution
		{C8CF023D-7C7D-4DC6-9545-339CD784B4E3}.Debug|x64.ActiveCfg = Debug|x64
		{C8CF023D-7C7D-4DC6-9545-339CD784B4E3}.Debug|x64.Build.0 = Debug|x64
		{C8CF023D-7C7D-4DC6-9545-339CD784B4E3}.Debug|x86.ActiveCfg = Debug|Win32
		{C8CF023D-7C7D-4DC6-9545-339CD784B4E3}.Debug|x86.Build.0 = Debug|Win32
		{C8CF023D-7C7D-4DC6-9545-339CD784B4E3}.Release|x64.ActiveCfg = Release|x64
		{C8CF023D-7C7D-4DC6-9545-339CD784B4E3}.Release|x64.Build.0 = Release|x64
		{C8CF023D-7C7D-4DC6-9545-339CD784B4E3}.Release|x86.ActiveCfg = Release|Win32
		{C8CF023D-7C7D-4DC6-9545-339CD784B4E3}.Release|x86.Build.0 = Release|Win32
	EndGlobalSection
	GlobalSection(SolutionProperties) = preSolution
		HideSolutionNode = FALSE
	EndGlobalSection
	GlobalSection(ExtensibilityGlobals) = postSolution
		SolutionGuid = {A428AE0B-5FF9-4CDF-8DB3-5EB28A0AFB0E}
	EndGlobalSection
EndGlobal
